{
    "_readme": [
        "This file locks the dependencies of your project to a known state",
        "Read more about it at https://getcomposer.org/doc/01-basic-usage.md#composer-lock-the-lock-file",
        "This file is @generated automatically"
    ],
    "hash": "c256338ddfe2a78564a119444924708d",
    "content-hash": "3b55fb2658ea4a86acf84428fbb125e7",
    "packages": [
        {
            "name": "cloudconvert/cloudconvert-php",
            "version": "2.2.0",
            "source": {
                "type": "git",
                "url": "https://github.com/cloudconvert/cloudconvert-php.git",
                "reference": "064f484a66078e90e5396b2dea6d3b4ada7b7fec"
            },
            "dist": {
                "type": "zip",
                "url": "https://api.github.com/repos/cloudconvert/cloudconvert-php/zipball/064f484a66078e90e5396b2dea6d3b4ada7b7fec",
                "reference": "064f484a66078e90e5396b2dea6d3b4ada7b7fec",
                "shasum": ""
            },
            "require": {
                "guzzlehttp/guzzle": "6.*"
            },
            "require-dev": {
                "clue/phar-composer": "~1.0",
                "phpdocumentor/phpdocumentor": "2.*",
                "phpunit/phpunit": "4.0.*",
                "squizlabs/php_codesniffer": "1.*"
            },
            "type": "library",
            "autoload": {
                "psr-4": {
                    "CloudConvert\\": "src/"
                }
            },
            "notification-url": "https://packagist.org/downloads/",
            "authors": [
                {
                    "name": "Josias Montag",
                    "email": "josias@montag.info"
                }
            ],
            "description": "PHP Wrapper for CloudConvert APIs",
            "homepage": "https://github.com/cloudconvert/cloudconvert-php",
            "time": "2016-03-09 13:08:59"
        },
        {
            "name": "cviebrock/discourse-php",
            "version": "0.9.1",
            "source": {
                "type": "git",
                "url": "https://github.com/cviebrock/discourse-php.git",
                "reference": "c18670ee8558f790dba3148367fceb811daf1f33"
            },
            "dist": {
                "type": "zip",
                "url": "https://api.github.com/repos/cviebrock/discourse-php/zipball/c18670ee8558f790dba3148367fceb811daf1f33",
                "reference": "c18670ee8558f790dba3148367fceb811daf1f33",
                "shasum": ""
            },
            "require": {
                "php": ">=5.3.0"
            },
            "type": "library",
            "autoload": {
                "psr-4": {
                    "Cviebrock\\DiscoursePHP\\": "src/"
                }
            },
            "notification-url": "https://packagist.org/downloads/",
            "license": [
                "MIT"
            ],
            "authors": [
                {
                    "name": "Colin Viebrock",
                    "email": "colin@viebrock.ca"
                },
                {
                    "name": "Johan Jatko"
                }
            ],
            "description": "Helper class for building a single sign-on source for Discourse forums",
            "homepage": "https://github.com/cviebrock/discourse-php",
            "keywords": [
                "discourse",
                "forum"
            ],
            "time": "2015-01-20 20:20:30"
        },
        {
            "name": "erusev/parsedown",
            "version": "1.6.0",
            "source": {
                "type": "git",
                "url": "https://github.com/erusev/parsedown.git",
                "reference": "3ebbd730b5c2cf5ce78bc1bf64071407fc6674b7"
            },
            "dist": {
                "type": "zip",
                "url": "https://api.github.com/repos/erusev/parsedown/zipball/3ebbd730b5c2cf5ce78bc1bf64071407fc6674b7",
                "reference": "3ebbd730b5c2cf5ce78bc1bf64071407fc6674b7",
                "shasum": ""
            },
            "type": "library",
            "autoload": {
                "psr-0": {
                    "Parsedown": ""
                }
            },
            "notification-url": "https://packagist.org/downloads/",
            "license": [
                "MIT"
            ],
            "authors": [
                {
                    "name": "Emanuil Rusev",
                    "email": "hello@erusev.com",
                    "homepage": "http://erusev.com"
                }
            ],
            "description": "Parser for Markdown.",
            "homepage": "http://parsedown.org",
            "keywords": [
                "markdown",
                "parser"
            ],
            "time": "2015-10-04 16:44:32"
        },
        {
            "name": "erusev/parsedown-extra",
            "version": "0.7.1",
            "source": {
                "type": "git",
                "url": "https://github.com/erusev/parsedown-extra.git",
                "reference": "0db5cce7354e4b76f155d092ab5eb3981c21258c"
            },
            "dist": {
                "type": "zip",
                "url": "https://api.github.com/repos/erusev/parsedown-extra/zipball/0db5cce7354e4b76f155d092ab5eb3981c21258c",
                "reference": "0db5cce7354e4b76f155d092ab5eb3981c21258c",
                "shasum": ""
            },
            "require": {
                "erusev/parsedown": "~1.4"
            },
            "type": "library",
            "autoload": {
                "psr-0": {
                    "ParsedownExtra": ""
                }
            },
            "notification-url": "https://packagist.org/downloads/",
            "license": [
                "MIT"
            ],
            "authors": [
                {
                    "name": "Emanuil Rusev",
                    "email": "hello@erusev.com",
                    "homepage": "http://erusev.com"
                }
            ],
            "description": "An extension of Parsedown that adds support for Markdown Extra.",
            "homepage": "https://github.com/erusev/parsedown-extra",
            "keywords": [
                "markdown",
                "markdown extra",
                "parsedown",
                "parser"
            ],
            "time": "2015-11-01 10:19:22"
        },
        {
            "name": "google/recaptcha",
            "version": "1.1.2",
            "source": {
                "type": "git",
                "url": "https://github.com/google/recaptcha.git",
                "reference": "2b7e00566afca82a38a1d3adb8e42c118006296e"
            },
            "dist": {
                "type": "zip",
                "url": "https://api.github.com/repos/google/recaptcha/zipball/2b7e00566afca82a38a1d3adb8e42c118006296e",
                "reference": "2b7e00566afca82a38a1d3adb8e42c118006296e",
                "shasum": ""
            },
            "require": {
                "php": ">=5.3.2"
            },
            "require-dev": {
                "phpunit/phpunit": "4.5.*"
            },
            "type": "library",
            "extra": {
                "branch-alias": {
                    "dev-master": "1.1.x-dev"
                }
            },
            "autoload": {
                "psr-4": {
                    "ReCaptcha\\": "src/ReCaptcha"
                }
            },
            "notification-url": "https://packagist.org/downloads/",
            "license": [
                "BSD-3-Clause"
            ],
            "description": "Client library for reCAPTCHA, a free service that protect websites from spam and abuse.",
            "homepage": "http://www.google.com/recaptcha/",
            "keywords": [
                "Abuse",
                "captcha",
                "recaptcha",
                "spam"
            ],
            "time": "2015-09-02 17:23:59"
        },
        {
            "name": "guzzlehttp/guzzle",
            "version": "6.2.1",
            "source": {
                "type": "git",
                "url": "https://github.com/guzzle/guzzle.git",
                "reference": "3f808fba627f2c5b69e2501217bf31af349c1427"
            },
            "dist": {
                "type": "zip",
                "url": "https://api.github.com/repos/guzzle/guzzle/zipball/3f808fba627f2c5b69e2501217bf31af349c1427",
                "reference": "3f808fba627f2c5b69e2501217bf31af349c1427",
                "shasum": ""
            },
            "require": {
                "guzzlehttp/promises": "^1.0",
                "guzzlehttp/psr7": "^1.3.1",
                "php": ">=5.5"
            },
            "require-dev": {
                "ext-curl": "*",
                "phpunit/phpunit": "^4.0",
                "psr/log": "^1.0"
            },
            "type": "library",
            "extra": {
                "branch-alias": {
                    "dev-master": "6.2-dev"
                }
            },
            "autoload": {
                "files": [
                    "src/functions_include.php"
                ],
                "psr-4": {
                    "GuzzleHttp\\": "src/"
                }
            },
            "notification-url": "https://packagist.org/downloads/",
            "license": [
                "MIT"
            ],
            "authors": [
                {
                    "name": "Michael Dowling",
                    "email": "mtdowling@gmail.com",
                    "homepage": "https://github.com/mtdowling"
                }
            ],
            "description": "Guzzle is a PHP HTTP client library",
            "homepage": "http://guzzlephp.org/",
            "keywords": [
                "client",
                "curl",
                "framework",
                "http",
                "http client",
                "rest",
                "web service"
            ],
            "time": "2016-07-15 17:22:37"
        },
        {
            "name": "guzzlehttp/promises",
            "version": "1.2.0",
            "source": {
                "type": "git",
                "url": "https://github.com/guzzle/promises.git",
                "reference": "c10d860e2a9595f8883527fa0021c7da9e65f579"
            },
            "dist": {
                "type": "zip",
                "url": "https://api.github.com/repos/guzzle/promises/zipball/c10d860e2a9595f8883527fa0021c7da9e65f579",
                "reference": "c10d860e2a9595f8883527fa0021c7da9e65f579",
                "shasum": ""
            },
            "require": {
                "php": ">=5.5.0"
            },
            "require-dev": {
                "phpunit/phpunit": "~4.0"
            },
            "type": "library",
            "extra": {
                "branch-alias": {
                    "dev-master": "1.0-dev"
                }
            },
            "autoload": {
                "psr-4": {
                    "GuzzleHttp\\Promise\\": "src/"
                },
                "files": [
                    "src/functions_include.php"
                ]
            },
            "notification-url": "https://packagist.org/downloads/",
            "license": [
                "MIT"
            ],
            "authors": [
                {
                    "name": "Michael Dowling",
                    "email": "mtdowling@gmail.com",
                    "homepage": "https://github.com/mtdowling"
                }
            ],
            "description": "Guzzle promises library",
            "keywords": [
                "promise"
            ],
            "time": "2016-05-18 16:56:05"
        },
        {
            "name": "guzzlehttp/psr7",
            "version": "1.3.1",
            "source": {
                "type": "git",
                "url": "https://github.com/guzzle/psr7.git",
                "reference": "5c6447c9df362e8f8093bda8f5d8873fe5c7f65b"
            },
            "dist": {
                "type": "zip",
                "url": "https://api.github.com/repos/guzzle/psr7/zipball/5c6447c9df362e8f8093bda8f5d8873fe5c7f65b",
                "reference": "5c6447c9df362e8f8093bda8f5d8873fe5c7f65b",
                "shasum": ""
            },
            "require": {
                "php": ">=5.4.0",
                "psr/http-message": "~1.0"
            },
            "provide": {
                "psr/http-message-implementation": "1.0"
            },
            "require-dev": {
                "phpunit/phpunit": "~4.0"
            },
            "type": "library",
            "extra": {
                "branch-alias": {
                    "dev-master": "1.4-dev"
                }
            },
            "autoload": {
                "psr-4": {
                    "GuzzleHttp\\Psr7\\": "src/"
                },
                "files": [
                    "src/functions_include.php"
                ]
            },
            "notification-url": "https://packagist.org/downloads/",
            "license": [
                "MIT"
            ],
            "authors": [
                {
                    "name": "Michael Dowling",
                    "email": "mtdowling@gmail.com",
                    "homepage": "https://github.com/mtdowling"
                }
            ],
            "description": "PSR-7 message implementation",
            "keywords": [
                "http",
                "message",
                "stream",
                "uri"
            ],
            "time": "2016-06-24 23:00:38"
        },
        {
            "name": "ircmaxell/password-compat",
            "version": "v1.0.4",
            "source": {
                "type": "git",
                "url": "https://github.com/ircmaxell/password_compat.git",
                "reference": "5c5cde8822a69545767f7c7f3058cb15ff84614c"
            },
            "dist": {
                "type": "zip",
                "url": "https://api.github.com/repos/ircmaxell/password_compat/zipball/5c5cde8822a69545767f7c7f3058cb15ff84614c",
                "reference": "5c5cde8822a69545767f7c7f3058cb15ff84614c",
                "shasum": ""
            },
            "require-dev": {
                "phpunit/phpunit": "4.*"
            },
            "type": "library",
            "autoload": {
                "files": [
                    "lib/password.php"
                ]
            },
            "notification-url": "https://packagist.org/downloads/",
            "license": [
                "MIT"
            ],
            "authors": [
                {
                    "name": "Anthony Ferrara",
                    "email": "ircmaxell@php.net",
                    "homepage": "http://blog.ircmaxell.com"
                }
            ],
            "description": "A compatibility library for the proposed simplified password hashing algorithm: https://wiki.php.net/rfc/password_hash",
            "homepage": "https://github.com/ircmaxell/password_compat",
            "keywords": [
                "hashing",
                "password"
            ],
            "time": "2014-11-20 16:49:30"
        },
        {
            "name": "ksubileau/color-thief-php",
            "version": "v1.3.0",
            "source": {
                "type": "git",
                "url": "https://github.com/ksubileau/color-thief-php.git",
                "reference": "f0e1bc5da3dd86abd3e8c95a553c3e8f25e0fe7e"
            },
            "dist": {
                "type": "zip",
                "url": "https://api.github.com/repos/ksubileau/color-thief-php/zipball/f0e1bc5da3dd86abd3e8c95a553c3e8f25e0fe7e",
                "reference": "f0e1bc5da3dd86abd3e8c95a553c3e8f25e0fe7e",
                "shasum": ""
            },
            "require": {
                "php": ">=5.3.0"
            },
            "require-dev": {
                "phpunit/phpunit": "4.*",
                "squizlabs/php_codesniffer": "2.*"
            },
            "suggest": {
                "ext-gd": "to use the GD image adapter.",
                "ext-gmagick": "to use the Gmagick image adapter.",
                "ext-imagick": "to use the Imagick image adapter."
            },
            "type": "library",
            "autoload": {
                "psr-0": {
                    "ColorThief": "lib/"
                }
            },
            "notification-url": "https://packagist.org/downloads/",
            "license": [
                "CC-BY-2.5"
            ],
            "authors": [
                {
                    "name": "Kevin Subileau",
                    "homepage": "http://www.kevinsubileau.fr"
                }
            ],
            "description": "Grabs the dominant color or a representative color palette from an image.",
            "homepage": "http://www.kevinsubileau.fr/projets/color-thief-php",
            "keywords": [
                "color",
                "dominant",
                "palette",
                "php",
                "thief"
            ],
            "time": "2016-01-17 18:55:16"
        },
        {
            "name": "mailchimp/mailchimp",
            "version": "2.0.6",
            "source": {
                "type": "git",
                "url": "https://bitbucket.org/mailchimp/mailchimp-api-php.git",
                "reference": "7ac99b5ac746d5875c5c350ad7e3b83674c83ec1"
            },
            "dist": {
                "type": "zip",
                "url": "https://bitbucket.org/mailchimp/mailchimp-api-php/get/7ac99b5ac746d5875c5c350ad7e3b83674c83ec1.zip",
                "reference": "7ac99b5ac746d5875c5c350ad7e3b83674c83ec1",
                "shasum": ""
            },
            "require": {
                "php": ">=5.2.0"
            },
            "require-dev": {
                "apigen/apigen": "dev-master"
            },
            "type": "library",
            "autoload": {
                "psr-0": {
                    "Mailchimp": "src/"
                }
            },
            "notification-url": "https://packagist.org/downloads/",
            "license": [
                "MIT"
            ],
            "authors": [
                {
                    "name": "MailChimp Devs",
                    "email": "api@mailchimp.com",
                    "homepage": "http://mailchimp.com",
                    "role": "Developer"
                }
            ],
            "description": "API client library for the MailChimp bulk email as a service platform",
            "homepage": "https://bitbucket.org/mailchimp/mailchimp-api-php",
            "keywords": [
                "api",
                "email"
            ],
            "time": "2014-10-30 20:38:12"
        },
        {
            "name": "psr/http-message",
            "version": "1.0.1",
            "source": {
                "type": "git",
                "url": "https://github.com/php-fig/http-message.git",
                "reference": "f6561bf28d520154e4b0ec72be95418abe6d9363"
            },
            "dist": {
                "type": "zip",
                "url": "https://api.github.com/repos/php-fig/http-message/zipball/f6561bf28d520154e4b0ec72be95418abe6d9363",
                "reference": "f6561bf28d520154e4b0ec72be95418abe6d9363",
                "shasum": ""
            },
            "require": {
                "php": ">=5.3.0"
            },
            "type": "library",
            "extra": {
                "branch-alias": {
                    "dev-master": "1.0.x-dev"
                }
            },
            "autoload": {
                "psr-4": {
                    "Psr\\Http\\Message\\": "src/"
                }
            },
            "notification-url": "https://packagist.org/downloads/",
            "license": [
                "MIT"
            ],
            "authors": [
                {
                    "name": "PHP-FIG",
                    "homepage": "http://www.php-fig.org/"
                }
            ],
            "description": "Common interface for HTTP messages",
            "homepage": "https://github.com/php-fig/http-message",
            "keywords": [
                "http",
                "http-message",
                "psr",
                "psr-7",
                "request",
                "response"
            ],
            "time": "2016-08-06 14:39:51"
        },
        {
            "name": "rakshazi/digestauth",
            "version": "dev-master",
            "source": {
                "type": "git",
                "url": "https://github.com/rakshazi/digestauth.git",
                "reference": "ada9cca63c4c024ef79713d909e73c4dd242fd97"
            },
            "dist": {
                "type": "zip",
                "url": "https://api.github.com/repos/rakshazi/digestauth/zipball/ada9cca63c4c024ef79713d909e73c4dd242fd97",
                "reference": "ada9cca63c4c024ef79713d909e73c4dd242fd97",
                "shasum": ""
            },
            "require": {
                "php": ">=5.3"
            },
            "type": "library",
            "autoload": {
                "psr-4": {
                    "Rakshazi\\": "Rakshazi"
                }
            },
            "notification-url": "https://packagist.org/downloads/",
            "license": [
                "BSD"
            ],
            "authors": [
                {
                    "name": "Nikita Cherniy",
                    "homepage": "https://github.com/rakshazi"
                }
            ],
            "description": "PHP Digest auth library",
            "homepage": "https://github.com/rakshazi/digestauth",
            "keywords": [
                "auth",
                "digest"
            ],
            "time": "2016-08-07 19:25:37"
        },
        {
            "name": "zordius/lightncandy",
            "version": "dev-master",
            "source": {
                "type": "git",
                "url": "https://github.com/zordius/lightncandy.git",
                "reference": "81ee3eb8e6c26295ae808e6895dc5e5747633628"
            },
            "dist": {
                "type": "zip",
                "url": "https://api.github.com/repos/zordius/lightncandy/zipball/81ee3eb8e6c26295ae808e6895dc5e5747633628",
                "reference": "81ee3eb8e6c26295ae808e6895dc5e5747633628",
                "shasum": ""
            },
            "require": {
                "php": ">=5.4.0"
            },
            "require-dev": {
                "phpunit/phpunit": "4.0.17"
            },
            "type": "library",
            "autoload": {
                "psr-4": {
                    "LightnCandy\\": "src"
                }
            },
            "notification-url": "https://packagist.org/downloads/",
            "license": [
                "MIT"
            ],
            "authors": [
                {
                    "name": "Zordius Chen",
                    "email": "zordius@yahoo-inc.com"
                }
            ],
            "description": "An extremely fast PHP implementation of handlebars ( http://handlebarsjs.com/ ) and mustache ( http://mustache.github.io/ ).",
            "homepage": "https://github.com/zordius/lightncandy",
            "keywords": [
                "handlebars",
                "logicless",
                "mustache",
                "php",
                "template"
            ],
            "time": "2016-07-18 06:51:41"
        }
    ],
    "packages-dev": [
        {
            "name": "phpmailer/phpmailer",
            "version": "v5.2.16",
            "source": {
                "type": "git",
                "url": "https://github.com/PHPMailer/PHPMailer.git",
                "reference": "1d85f9ef3ecfc42bbc4f3c70d5e37ca9a65f629a"
            },
            "dist": {
                "type": "zip",
                "url": "https://api.github.com/repos/PHPMailer/PHPMailer/zipball/1d85f9ef3ecfc42bbc4f3c70d5e37ca9a65f629a",
                "reference": "1d85f9ef3ecfc42bbc4f3c70d5e37ca9a65f629a",
                "shasum": ""
            },
            "require": {
                "php": ">=5.0.0"
            },
            "require-dev": {
                "phpdocumentor/phpdocumentor": "*",
                "phpunit/phpunit": "4.7.*"
            },
            "suggest": {
                "league/oauth2-google": "Needed for Google XOAUTH2 authentication"
            },
            "type": "library",
            "autoload": {
                "classmap": [
                    "class.phpmailer.php",
                    "class.phpmaileroauth.php",
                    "class.phpmaileroauthgoogle.php",
                    "class.smtp.php",
                    "class.pop3.php",
                    "extras/EasyPeasyICS.php",
                    "extras/ntlm_sasl_client.php"
                ]
            },
            "notification-url": "https://packagist.org/downloads/",
            "license": [
                "LGPL-2.1"
            ],
            "authors": [
                {
                    "name": "Jim Jagielski",
                    "email": "jimjag@gmail.com"
                },
                {
                    "name": "Marcus Bointon",
                    "email": "phpmailer@synchromedia.co.uk"
                },
                {
                    "name": "Andy Prevost",
                    "email": "codeworxtech@users.sourceforge.net"
                },
                {
                    "name": "Brent R. Matzelle"
                }
            ],
            "description": "PHPMailer is a full-featured email creation and transfer class for PHP",
            "time": "2016-06-06 09:09:37"
        }
    ],
    "aliases": [],
    "minimum-stability": "stable",
    "stability-flags": {
        "rakshazi/digestauth": 20,
        "zordius/lightncandy": 20
    },
    "prefer-stable": false,
    "prefer-lowest": false,
    "platform": [],
    "platform-dev": {
        "php": ">=5.5.0"
    }
}
